
Microsoft Visual Studio Solution File, Format Version 12.00
# Visual Studio 15
VisualStudioVersion = 15.0.26430.16
MinimumVisualStudioVersion = 10.0.40219.1
Project("{FAE04EC0-301F-11D3-BF4B-00C04F79EFBC}") = "Thinkovator.Exercise.Api", "Thinkovator.Exercise.Api\Thinkovator.Exercise.Api.csproj", "{B4D1B24A-0CFB-4CE0-9822-2CE549003DF0}"
EndProject
Project("{00D1A9C2-B5F0-4AF3-8072-F6C62B433612}") = "Thinkovator.Exercise.Database", "Thinkovator.Exercise.Database\Thinkovator.Exercise.Database.sqlproj", "{EE4C94BB-1AE6-4BC4-835B-7C9CBF13C1E0}"
EndProject
Project("{FAE04EC0-301F-11D3-BF4B-00C04F79EFBC}") = "Thinkovator.Exercise.Service", "Thinkovator.Exercise.Service\Thinkovator.Exercise.Service.csproj", "{8617D761-05CA-4D8B-8907-F954E2303637}"
EndProject
Project("{FAE04EC0-301F-11D3-BF4B-00C04F79EFBC}") = "Thinkovator.Exercise.Repository", "Thinkovator.Exercise.Repository\Thinkovator.Exercise.Repository.csproj", "{ED56B769-7D11-4923-B7D9-C542AAA374DD}"
EndProject
Project("{FAE04EC0-301F-11D3-BF4B-00C04F79EFBC}") = "Thinkovator.Exercise.Core", "Thinkovator.Exercise.Core\Thinkovator.Exercise.Core.csproj", "{F6BF005B-5500-4ADE-BB31-CFF4DCF3EE32}"
EndProject
Project("{FAE04EC0-301F-11D3-BF4B-00C04F79EFBC}") = "Thinkovator.Exercise.Web", "Thinkovator.Exercise.Web\Thinkovator.Exercise.Web.csproj", "{51A4153C-F8AE-47E6-88C4-A3EC8937E583}"
EndProject
Project("{262852C6-CD72-467D-83FE-5EEB1973A190}") = "Thinkovator.Exercise.Ionic", "Thinkovator.Exercise.Ionic\Thinkovator.Exercise.Ionic.jsproj", "{549CBA80-397B-4F8E-BB0E-5944E9D7E7DD}"
EndProject
Global
	GlobalSection(SolutionConfigurationPlatforms) = preSolution
		Debug|Android = Debug|Android
		Debug|Any CPU = Debug|Any CPU
		Debug|iOS = Debug|iOS
		Debug|Windows-AnyCPU = Debug|Windows-AnyCPU
		Debug|Windows-ARM = Debug|Windows-ARM
		Debug|Windows-x64 = Debug|Windows-x64
		Debug|Windows-x86 = Debug|Windows-x86
		Release|Android = Release|Android
		Release|Any CPU = Release|Any CPU
		Release|iOS = Release|iOS
		Release|Windows-AnyCPU = Release|Windows-AnyCPU
		Release|Windows-ARM = Release|Windows-ARM
		Release|Windows-x64 = Release|Windows-x64
		Release|Windows-x86 = Release|Windows-x86
		Test|Android = Test|Android
		Test|Any CPU = Test|Any CPU
		Test|iOS = Test|iOS
		Test|Windows-AnyCPU = Test|Windows-AnyCPU
		Test|Windows-ARM = Test|Windows-ARM
		Test|Windows-x64 = Test|Windows-x64
		Test|Windows-x86 = Test|Windows-x86
	EndGlobalSection
	GlobalSection(ProjectConfigurationPlatforms) = postSolution
		{B4D1B24A-0CFB-4CE0-9822-2CE549003DF0}.Debug|Android.ActiveCfg = Debug|Any CPU
		{B4D1B24A-0CFB-4CE0-9822-2CE549003DF0}.Debug|Android.Build.0 = Debug|Any CPU
		{B4D1B24A-0CFB-4CE0-9822-2CE549003DF0}.Debug|Any CPU.ActiveCfg = Debug|Any CPU
		{B4D1B24A-0CFB-4CE0-9822-2CE549003DF0}.Debug|Any CPU.Build.0 = Debug|Any CPU
		{B4D1B24A-0CFB-4CE0-9822-2CE549003DF0}.Debug|iOS.ActiveCfg = Debug|Any CPU
		{B4D1B24A-0CFB-4CE0-9822-2CE549003DF0}.Debug|iOS.Build.0 = Debug|Any CPU
		{B4D1B24A-0CFB-4CE0-9822-2CE549003DF0}.Debug|Windows-AnyCPU.ActiveCfg = Debug|Any CPU
		{B4D1B24A-0CFB-4CE0-9822-2CE549003DF0}.Debug|Windows-AnyCPU.Build.0 = Debug|Any CPU
		{B4D1B24A-0CFB-4CE0-9822-2CE549003DF0}.Debug|Windows-ARM.ActiveCfg = Debug|Any CPU
		{B4D1B24A-0CFB-4CE0-9822-2CE549003DF0}.Debug|Windows-ARM.Build.0 = Debug|Any CPU
		{B4D1B24A-0CFB-4CE0-9822-2CE549003DF0}.Debug|Windows-x64.ActiveCfg = Debug|Any CPU
		{B4D1B24A-0CFB-4CE0-9822-2CE549003DF0}.Debug|Windows-x64.Build.0 = Debug|Any CPU
		{B4D1B24A-0CFB-4CE0-9822-2CE549003DF0}.Debug|Windows-x86.ActiveCfg = Debug|Any CPU
		{B4D1B24A-0CFB-4CE0-9822-2CE549003DF0}.Debug|Windows-x86.Build.0 = Debug|Any CPU
		{B4D1B24A-0CFB-4CE0-9822-2CE549003DF0}.Release|Android.ActiveCfg = Release|Any CPU
		{B4D1B24A-0CFB-4CE0-9822-2CE549003DF0}.Release|Android.Build.0 = Release|Any CPU
		{B4D1B24A-0CFB-4CE0-9822-2CE549003DF0}.Release|Any CPU.ActiveCfg = Release|Any CPU
		{B4D1B24A-0CFB-4CE0-9822-2CE549003DF0}.Release|Any CPU.Build.0 = Release|Any CPU
		{B4D1B24A-0CFB-4CE0-9822-2CE549003DF0}.Release|iOS.ActiveCfg = Release|Any CPU
		{B4D1B24A-0CFB-4CE0-9822-2CE549003DF0}.Release|iOS.Build.0 = Release|Any CPU
		{B4D1B24A-0CFB-4CE0-9822-2CE549003DF0}.Release|Windows-AnyCPU.ActiveCfg = Release|Any CPU
		{B4D1B24A-0CFB-4CE0-9822-2CE549003DF0}.Release|Windows-AnyCPU.Build.0 = Release|Any CPU
		{B4D1B24A-0CFB-4CE0-9822-2CE549003DF0}.Release|Windows-ARM.ActiveCfg = Release|Any CPU
		{B4D1B24A-0CFB-4CE0-9822-2CE549003DF0}.Release|Windows-ARM.Build.0 = Release|Any CPU
		{B4D1B24A-0CFB-4CE0-9822-2CE549003DF0}.Release|Windows-x64.ActiveCfg = Release|Any CPU
		{B4D1B24A-0CFB-4CE0-9822-2CE549003DF0}.Release|Windows-x64.Build.0 = Release|Any CPU
		{B4D1B24A-0CFB-4CE0-9822-2CE549003DF0}.Release|Windows-x86.ActiveCfg = Release|Any CPU
		{B4D1B24A-0CFB-4CE0-9822-2CE549003DF0}.Release|Windows-x86.Build.0 = Release|Any CPU
		{B4D1B24A-0CFB-4CE0-9822-2CE549003DF0}.Test|Android.ActiveCfg = Test|Any CPU
		{B4D1B24A-0CFB-4CE0-9822-2CE549003DF0}.Test|Android.Build.0 = Test|Any CPU
		{B4D1B24A-0CFB-4CE0-9822-2CE549003DF0}.Test|Any CPU.ActiveCfg = Test|Any CPU
		{B4D1B24A-0CFB-4CE0-9822-2CE549003DF0}.Test|Any CPU.Build.0 = Test|Any CPU
		{B4D1B24A-0CFB-4CE0-9822-2CE549003DF0}.Test|iOS.ActiveCfg = Test|Any CPU
		{B4D1B24A-0CFB-4CE0-9822-2CE549003DF0}.Test|iOS.Build.0 = Test|Any CPU
		{B4D1B24A-0CFB-4CE0-9822-2CE549003DF0}.Test|Windows-AnyCPU.ActiveCfg = Test|Any CPU
		{B4D1B24A-0CFB-4CE0-9822-2CE549003DF0}.Test|Windows-AnyCPU.Build.0 = Test|Any CPU
		{B4D1B24A-0CFB-4CE0-9822-2CE549003DF0}.Test|Windows-ARM.ActiveCfg = Test|Any CPU
		{B4D1B24A-0CFB-4CE0-9822-2CE549003DF0}.Test|Windows-ARM.Build.0 = Test|Any CPU
		{B4D1B24A-0CFB-4CE0-9822-2CE549003DF0}.Test|Windows-x64.ActiveCfg = Test|Any CPU
		{B4D1B24A-0CFB-4CE0-9822-2CE549003DF0}.Test|Windows-x64.Build.0 = Test|Any CPU
		{B4D1B24A-0CFB-4CE0-9822-2CE549003DF0}.Test|Windows-x86.ActiveCfg = Test|Any CPU
		{B4D1B24A-0CFB-4CE0-9822-2CE549003DF0}.Test|Windows-x86.Build.0 = Test|Any CPU
		{EE4C94BB-1AE6-4BC4-835B-7C9CBF13C1E0}.Debug|Android.ActiveCfg = Debug|Any CPU
		{EE4C94BB-1AE6-4BC4-835B-7C9CBF13C1E0}.Debug|Android.Build.0 = Debug|Any CPU
		{EE4C94BB-1AE6-4BC4-835B-7C9CBF13C1E0}.Debug|Android.Deploy.0 = Debug|Any CPU
		{EE4C94BB-1AE6-4BC4-835B-7C9CBF13C1E0}.Debug|Any CPU.ActiveCfg = Debug|Any CPU
		{EE4C94BB-1AE6-4BC4-835B-7C9CBF13C1E0}.Debug|Any CPU.Build.0 = Debug|Any CPU
		{EE4C94BB-1AE6-4BC4-835B-7C9CBF13C1E0}.Debug|Any CPU.Deploy.0 = Debug|Any CPU
		{EE4C94BB-1AE6-4BC4-835B-7C9CBF13C1E0}.Debug|iOS.ActiveCfg = Debug|Any CPU
		{EE4C94BB-1AE6-4BC4-835B-7C9CBF13C1E0}.Debug|iOS.Build.0 = Debug|Any CPU
		{EE4C94BB-1AE6-4BC4-835B-7C9CBF13C1E0}.Debug|iOS.Deploy.0 = Debug|Any CPU
		{EE4C94BB-1AE6-4BC4-835B-7C9CBF13C1E0}.Debug|Windows-AnyCPU.ActiveCfg = Debug|Any CPU
		{EE4C94BB-1AE6-4BC4-835B-7C9CBF13C1E0}.Debug|Windows-AnyCPU.Build.0 = Debug|Any CPU
		{EE4C94BB-1AE6-4BC4-835B-7C9CBF13C1E0}.Debug|Windows-AnyCPU.Deploy.0 = Debug|Any CPU
		{EE4C94BB-1AE6-4BC4-835B-7C9CBF13C1E0}.Debug|Windows-ARM.ActiveCfg = Debug|Any CPU
		{EE4C94BB-1AE6-4BC4-835B-7C9CBF13C1E0}.Debug|Windows-ARM.Build.0 = Debug|Any CPU
		{EE4C94BB-1AE6-4BC4-835B-7C9CBF13C1E0}.Debug|Windows-ARM.Deploy.0 = Debug|Any CPU
		{EE4C94BB-1AE6-4BC4-835B-7C9CBF13C1E0}.Debug|Windows-x64.ActiveCfg = Debug|Any CPU
		{EE4C94BB-1AE6-4BC4-835B-7C9CBF13C1E0}.Debug|Windows-x64.Build.0 = Debug|Any CPU
		{EE4C94BB-1AE6-4BC4-835B-7C9CBF13C1E0}.Debug|Windows-x64.Deploy.0 = Debug|Any CPU
		{EE4C94BB-1AE6-4BC4-835B-7C9CBF13C1E0}.Debug|Windows-x86.ActiveCfg = Debug|Any CPU
		{EE4C94BB-1AE6-4BC4-835B-7C9CBF13C1E0}.Debug|Windows-x86.Build.0 = Debug|Any CPU
		{EE4C94BB-1AE6-4BC4-835B-7C9CBF13C1E0}.Debug|Windows-x86.Deploy.0 = Debug|Any CPU
		{EE4C94BB-1AE6-4BC4-835B-7C9CBF13C1E0}.Release|Android.ActiveCfg = Release|Any CPU
		{EE4C94BB-1AE6-4BC4-835B-7C9CBF13C1E0}.Release|Android.Build.0 = Release|Any CPU
		{EE4C94BB-1AE6-4BC4-835B-7C9CBF13C1E0}.Release|Android.Deploy.0 = Release|Any CPU
		{EE4C94BB-1AE6-4BC4-835B-7C9CBF13C1E0}.Release|Any CPU.ActiveCfg = Release|Any CPU
		{EE4C94BB-1AE6-4BC4-835B-7C9CBF13C1E0}.Release|Any CPU.Build.0 = Release|Any CPU
		{EE4C94BB-1AE6-4BC4-835B-7C9CBF13C1E0}.Release|Any CPU.Deploy.0 = Release|Any CPU
		{EE4C94BB-1AE6-4BC4-835B-7C9CBF13C1E0}.Release|iOS.ActiveCfg = Release|Any CPU
		{EE4C94BB-1AE6-4BC4-835B-7C9CBF13C1E0}.Release|iOS.Build.0 = Release|Any CPU
		{EE4C94BB-1AE6-4BC4-835B-7C9CBF13C1E0}.Release|iOS.Deploy.0 = Release|Any CPU
		{EE4C94BB-1AE6-4BC4-835B-7C9CBF13C1E0}.Release|Windows-AnyCPU.ActiveCfg = Release|Any CPU
		{EE4C94BB-1AE6-4BC4-835B-7C9CBF13C1E0}.Release|Windows-AnyCPU.Build.0 = Release|Any CPU
		{EE4C94BB-1AE6-4BC4-835B-7C9CBF13C1E0}.Release|Windows-AnyCPU.Deploy.0 = Release|Any CPU
		{EE4C94BB-1AE6-4BC4-835B-7C9CBF13C1E0}.Release|Windows-ARM.ActiveCfg = Release|Any CPU
		{EE4C94BB-1AE6-4BC4-835B-7C9CBF13C1E0}.Release|Windows-ARM.Build.0 = Release|Any CPU
		{EE4C94BB-1AE6-4BC4-835B-7C9CBF13C1E0}.Release|Windows-ARM.Deploy.0 = Release|Any CPU
		{EE4C94BB-1AE6-4BC4-835B-7C9CBF13C1E0}.Release|Windows-x64.ActiveCfg = Release|Any CPU
		{EE4C94BB-1AE6-4BC4-835B-7C9CBF13C1E0}.Release|Windows-x64.Build.0 = Release|Any CPU
		{EE4C94BB-1AE6-4BC4-835B-7C9CBF13C1E0}.Release|Windows-x64.Deploy.0 = Release|Any CPU
		{EE4C94BB-1AE6-4BC4-835B-7C9CBF13C1E0}.Release|Windows-x86.ActiveCfg = Release|Any CPU
		{EE4C94BB-1AE6-4BC4-835B-7C9CBF13C1E0}.Release|Windows-x86.Build.0 = Release|Any CPU
		{EE4C94BB-1AE6-4BC4-835B-7C9CBF13C1E0}.Release|Windows-x86.Deploy.0 = Release|Any CPU
		{EE4C94BB-1AE6-4BC4-835B-7C9CBF13C1E0}.Test|Android.ActiveCfg = Test|Any CPU
		{EE4C94BB-1AE6-4BC4-835B-7C9CBF13C1E0}.Test|Android.Build.0 = Test|Any CPU
		{EE4C94BB-1AE6-4BC4-835B-7C9CBF13C1E0}.Test|Android.Deploy.0 = Test|Any CPU
		{EE4C94BB-1AE6-4BC4-835B-7C9CBF13C1E0}.Test|Any CPU.ActiveCfg = Test|Any CPU
		{EE4C94BB-1AE6-4BC4-835B-7C9CBF13C1E0}.Test|Any CPU.Build.0 = Test|Any CPU
		{EE4C94BB-1AE6-4BC4-835B-7C9CBF13C1E0}.Test|Any CPU.Deploy.0 = Test|Any CPU
		{EE4C94BB-1AE6-4BC4-835B-7C9CBF13C1E0}.Test|iOS.ActiveCfg = Test|Any CPU
		{EE4C94BB-1AE6-4BC4-835B-7C9CBF13C1E0}.Test|iOS.Build.0 = Test|Any CPU
		{EE4C94BB-1AE6-4BC4-835B-7C9CBF13C1E0}.Test|iOS.Deploy.0 = Test|Any CPU
		{EE4C94BB-1AE6-4BC4-835B-7C9CBF13C1E0}.Test|Windows-AnyCPU.ActiveCfg = Test|Any CPU
		{EE4C94BB-1AE6-4BC4-835B-7C9CBF13C1E0}.Test|Windows-AnyCPU.Build.0 = Test|Any CPU
		{EE4C94BB-1AE6-4BC4-835B-7C9CBF13C1E0}.Test|Windows-AnyCPU.Deploy.0 = Test|Any CPU
		{EE4C94BB-1AE6-4BC4-835B-7C9CBF13C1E0}.Test|Windows-ARM.ActiveCfg = Test|Any CPU
		{EE4C94BB-1AE6-4BC4-835B-7C9CBF13C1E0}.Test|Windows-ARM.Build.0 = Test|Any CPU
		{EE4C94BB-1AE6-4BC4-835B-7C9CBF13C1E0}.Test|Windows-ARM.Deploy.0 = Test|Any CPU
		{EE4C94BB-1AE6-4BC4-835B-7C9CBF13C1E0}.Test|Windows-x64.ActiveCfg = Test|Any CPU
		{EE4C94BB-1AE6-4BC4-835B-7C9CBF13C1E0}.Test|Windows-x64.Build.0 = Test|Any CPU
		{EE4C94BB-1AE6-4BC4-835B-7C9CBF13C1E0}.Test|Windows-x64.Deploy.0 = Test|Any CPU
		{EE4C94BB-1AE6-4BC4-835B-7C9CBF13C1E0}.Test|Windows-x86.ActiveCfg = Test|Any CPU
		{EE4C94BB-1AE6-4BC4-835B-7C9CBF13C1E0}.Test|Windows-x86.Build.0 = Test|Any CPU
		{EE4C94BB-1AE6-4BC4-835B-7C9CBF13C1E0}.Test|Windows-x86.Deploy.0 = Test|Any CPU
		{8617D761-05CA-4D8B-8907-F954E2303637}.Debug|Android.ActiveCfg = Debug|Any CPU
		{8617D761-05CA-4D8B-8907-F954E2303637}.Debug|Android.Build.0 = Debug|Any CPU
		{8617D761-05CA-4D8B-8907-F954E2303637}.Debug|Any CPU.ActiveCfg = Debug|Any CPU
		{8617D761-05CA-4D8B-8907-F954E2303637}.Debug|Any CPU.Build.0 = Debug|Any CPU
		{8617D761-05CA-4D8B-8907-F954E2303637}.Debug|iOS.ActiveCfg = Debug|Any CPU
		{8617D761-05CA-4D8B-8907-F954E2303637}.Debug|iOS.Build.0 = Debug|Any CPU
		{8617D761-05CA-4D8B-8907-F954E2303637}.Debug|Windows-AnyCPU.ActiveCfg = Debug|Any CPU
		{8617D761-05CA-4D8B-8907-F954E2303637}.Debug|Windows-AnyCPU.Build.0 = Debug|Any CPU
		{8617D761-05CA-4D8B-8907-F954E2303637}.Debug|Windows-ARM.ActiveCfg = Debug|Any CPU
		{8617D761-05CA-4D8B-8907-F954E2303637}.Debug|Windows-ARM.Build.0 = Debug|Any CPU
		{8617D761-05CA-4D8B-8907-F954E2303637}.Debug|Windows-x64.ActiveCfg = Debug|Any CPU
		{8617D761-05CA-4D8B-8907-F954E2303637}.Debug|Windows-x64.Build.0 = Debug|Any CPU
		{8617D761-05CA-4D8B-8907-F954E2303637}.Debug|Windows-x86.ActiveCfg = Debug|Any CPU
		{8617D761-05CA-4D8B-8907-F954E2303637}.Debug|Windows-x86.Build.0 = Debug|Any CPU
		{8617D761-05CA-4D8B-8907-F954E2303637}.Release|Android.ActiveCfg = Release|Any CPU
		{8617D761-05CA-4D8B-8907-F954E2303637}.Release|Android.Build.0 = Release|Any CPU
		{8617D761-05CA-4D8B-8907-F954E2303637}.Release|Any CPU.ActiveCfg = Release|Any CPU
		{8617D761-05CA-4D8B-8907-F954E2303637}.Release|Any CPU.Build.0 = Release|Any CPU
		{8617D761-05CA-4D8B-8907-F954E2303637}.Release|iOS.ActiveCfg = Release|Any CPU
		{8617D761-05CA-4D8B-8907-F954E2303637}.Release|iOS.Build.0 = Release|Any CPU
		{8617D761-05CA-4D8B-8907-F954E2303637}.Release|Windows-AnyCPU.ActiveCfg = Release|Any CPU
		{8617D761-05CA-4D8B-8907-F954E2303637}.Release|Windows-AnyCPU.Build.0 = Release|Any CPU
		{8617D761-05CA-4D8B-8907-F954E2303637}.Release|Windows-ARM.ActiveCfg = Release|Any CPU
		{8617D761-05CA-4D8B-8907-F954E2303637}.Release|Windows-ARM.Build.0 = Release|Any CPU
		{8617D761-05CA-4D8B-8907-F954E2303637}.Release|Windows-x64.ActiveCfg = Release|Any CPU
		{8617D761-05CA-4D8B-8907-F954E2303637}.Release|Windows-x64.Build.0 = Release|Any CPU
		{8617D761-05CA-4D8B-8907-F954E2303637}.Release|Windows-x86.ActiveCfg = Release|Any CPU
		{8617D761-05CA-4D8B-8907-F954E2303637}.Release|Windows-x86.Build.0 = Release|Any CPU
		{8617D761-05CA-4D8B-8907-F954E2303637}.Test|Android.ActiveCfg = Test|Any CPU
		{8617D761-05CA-4D8B-8907-F954E2303637}.Test|Android.Build.0 = Test|Any CPU
		{8617D761-05CA-4D8B-8907-F954E2303637}.Test|Any CPU.ActiveCfg = Test|Any CPU
		{8617D761-05CA-4D8B-8907-F954E2303637}.Test|Any CPU.Build.0 = Test|Any CPU
		{8617D761-05CA-4D8B-8907-F954E2303637}.Test|iOS.ActiveCfg = Test|Any CPU
		{8617D761-05CA-4D8B-8907-F954E2303637}.Test|iOS.Build.0 = Test|Any CPU
		{8617D761-05CA-4D8B-8907-F954E2303637}.Test|Windows-AnyCPU.ActiveCfg = Test|Any CPU
		{8617D761-05CA-4D8B-8907-F954E2303637}.Test|Windows-AnyCPU.Build.0 = Test|Any CPU
		{8617D761-05CA-4D8B-8907-F954E2303637}.Test|Windows-ARM.ActiveCfg = Test|Any CPU
		{8617D761-05CA-4D8B-8907-F954E2303637}.Test|Windows-ARM.Build.0 = Test|Any CPU
		{8617D761-05CA-4D8B-8907-F954E2303637}.Test|Windows-x64.ActiveCfg = Test|Any CPU
		{8617D761-05CA-4D8B-8907-F954E2303637}.Test|Windows-x64.Build.0 = Test|Any CPU
		{8617D761-05CA-4D8B-8907-F954E2303637}.Test|Windows-x86.ActiveCfg = Test|Any CPU
		{8617D761-05CA-4D8B-8907-F954E2303637}.Test|Windows-x86.Build.0 = Test|Any CPU
		{ED56B769-7D11-4923-B7D9-C542AAA374DD}.Debug|Android.ActiveCfg = Debug|Any CPU
		{ED56B769-7D11-4923-B7D9-C542AAA374DD}.Debug|Android.Build.0 = Debug|Any CPU
		{ED56B769-7D11-4923-B7D9-C542AAA374DD}.Debug|Any CPU.ActiveCfg = Debug|Any CPU
		{ED56B769-7D11-4923-B7D9-C542AAA374DD}.Debug|Any CPU.Build.0 = Debug|Any CPU
		{ED56B769-7D11-4923-B7D9-C542AAA374DD}.Debug|iOS.ActiveCfg = Debug|Any CPU
		{ED56B769-7D11-4923-B7D9-C542AAA374DD}.Debug|iOS.Build.0 = Debug|Any CPU
		{ED56B769-7D11-4923-B7D9-C542AAA374DD}.Debug|Windows-AnyCPU.ActiveCfg = Debug|Any CPU
		{ED56B769-7D11-4923-B7D9-C542AAA374DD}.Debug|Windows-AnyCPU.Build.0 = Debug|Any CPU
		{ED56B769-7D11-4923-B7D9-C542AAA374DD}.Debug|Windows-ARM.ActiveCfg = Debug|Any CPU
		{ED56B769-7D11-4923-B7D9-C542AAA374DD}.Debug|Windows-ARM.Build.0 = Debug|Any CPU
		{ED56B769-7D11-4923-B7D9-C542AAA374DD}.Debug|Windows-x64.ActiveCfg = Debug|Any CPU
		{ED56B769-7D11-4923-B7D9-C542AAA374DD}.Debug|Windows-x64.Build.0 = Debug|Any CPU
		{ED56B769-7D11-4923-B7D9-C542AAA374DD}.Debug|Windows-x86.ActiveCfg = Debug|Any CPU
		{ED56B769-7D11-4923-B7D9-C542AAA374DD}.Debug|Windows-x86.Build.0 = Debug|Any CPU
		{ED56B769-7D11-4923-B7D9-C542AAA374DD}.Release|Android.ActiveCfg = Release|Any CPU
		{ED56B769-7D11-4923-B7D9-C542AAA374DD}.Release|Android.Build.0 = Release|Any CPU
		{ED56B769-7D11-4923-B7D9-C542AAA374DD}.Release|Any CPU.ActiveCfg = Release|Any CPU
		{ED56B769-7D11-4923-B7D9-C542AAA374DD}.Release|Any CPU.Build.0 = Release|Any CPU
		{ED56B769-7D11-4923-B7D9-C542AAA374DD}.Release|iOS.ActiveCfg = Release|Any CPU
		{ED56B769-7D11-4923-B7D9-C542AAA374DD}.Release|iOS.Build.0 = Release|Any CPU
		{ED56B769-7D11-4923-B7D9-C542AAA374DD}.Release|Windows-AnyCPU.ActiveCfg = Release|Any CPU
		{ED56B769-7D11-4923-B7D9-C542AAA374DD}.Release|Windows-AnyCPU.Build.0 = Release|Any CPU
		{ED56B769-7D11-4923-B7D9-C542AAA374DD}.Release|Windows-ARM.ActiveCfg = Release|Any CPU
		{ED56B769-7D11-4923-B7D9-C542AAA374DD}.Release|Windows-ARM.Build.0 = Release|Any CPU
		{ED56B769-7D11-4923-B7D9-C542AAA374DD}.Release|Windows-x64.ActiveCfg = Release|Any CPU
		{ED56B769-7D11-4923-B7D9-C542AAA374DD}.Release|Windows-x64.Build.0 = Release|Any CPU
		{ED56B769-7D11-4923-B7D9-C542AAA374DD}.Release|Windows-x86.ActiveCfg = Release|Any CPU
		{ED56B769-7D11-4923-B7D9-C542AAA374DD}.Release|Windows-x86.Build.0 = Release|Any CPU
		{ED56B769-7D11-4923-B7D9-C542AAA374DD}.Test|Android.ActiveCfg = Test|Any CPU
		{ED56B769-7D11-4923-B7D9-C542AAA374DD}.Test|Android.Build.0 = Test|Any CPU
		{ED56B769-7D11-4923-B7D9-C542AAA374DD}.Test|Any CPU.ActiveCfg = Test|Any CPU
		{ED56B769-7D11-4923-B7D9-C542AAA374DD}.Test|Any CPU.Build.0 = Test|Any CPU
		{ED56B769-7D11-4923-B7D9-C542AAA374DD}.Test|iOS.ActiveCfg = Test|Any CPU
		{ED56B769-7D11-4923-B7D9-C542AAA374DD}.Test|iOS.Build.0 = Test|Any CPU
		{ED56B769-7D11-4923-B7D9-C542AAA374DD}.Test|Windows-AnyCPU.ActiveCfg = Test|Any CPU
		{ED56B769-7D11-4923-B7D9-C542AAA374DD}.Test|Windows-AnyCPU.Build.0 = Test|Any CPU
		{ED56B769-7D11-4923-B7D9-C542AAA374DD}.Test|Windows-ARM.ActiveCfg = Test|Any CPU
		{ED56B769-7D11-4923-B7D9-C542AAA374DD}.Test|Windows-ARM.Build.0 = Test|Any CPU
		{ED56B769-7D11-4923-B7D9-C542AAA374DD}.Test|Windows-x64.ActiveCfg = Test|Any CPU
		{ED56B769-7D11-4923-B7D9-C542AAA374DD}.Test|Windows-x64.Build.0 = Test|Any CPU
		{ED56B769-7D11-4923-B7D9-C542AAA374DD}.Test|Windows-x86.ActiveCfg = Test|Any CPU
		{ED56B769-7D11-4923-B7D9-C542AAA374DD}.Test|Windows-x86.Build.0 = Test|Any CPU
		{F6BF005B-5500-4ADE-BB31-CFF4DCF3EE32}.Debug|Android.ActiveCfg = Debug|Any CPU
		{F6BF005B-5500-4ADE-BB31-CFF4DCF3EE32}.Debug|Android.Build.0 = Debug|Any CPU
		{F6BF005B-5500-4ADE-BB31-CFF4DCF3EE32}.Debug|Any CPU.ActiveCfg = Debug|Any CPU
		{F6BF005B-5500-4ADE-BB31-CFF4DCF3EE32}.Debug|Any CPU.Build.0 = Debug|Any CPU
		{F6BF005B-5500-4ADE-BB31-CFF4DCF3EE32}.Debug|iOS.ActiveCfg = Debug|Any CPU
		{F6BF005B-5500-4ADE-BB31-CFF4DCF3EE32}.Debug|iOS.Build.0 = Debug|Any CPU
		{F6BF005B-5500-4ADE-BB31-CFF4DCF3EE32}.Debug|Windows-AnyCPU.ActiveCfg = Debug|Any CPU
		{F6BF005B-5500-4ADE-BB31-CFF4DCF3EE32}.Debug|Windows-AnyCPU.Build.0 = Debug|Any CPU
		{F6BF005B-5500-4ADE-BB31-CFF4DCF3EE32}.Debug|Windows-ARM.ActiveCfg = Debug|Any CPU
		{F6BF005B-5500-4ADE-BB31-CFF4DCF3EE32}.Debug|Windows-ARM.Build.0 = Debug|Any CPU
		{F6BF005B-5500-4ADE-BB31-CFF4DCF3EE32}.Debug|Windows-x64.ActiveCfg = Debug|Any CPU
		{F6BF005B-5500-4ADE-BB31-CFF4DCF3EE32}.Debug|Windows-x64.Build.0 = Debug|Any CPU
		{F6BF005B-5500-4ADE-BB31-CFF4DCF3EE32}.Debug|Windows-x86.ActiveCfg = Debug|Any CPU
		{F6BF005B-5500-4ADE-BB31-CFF4DCF3EE32}.Debug|Windows-x86.Build.0 = Debug|Any CPU
		{F6BF005B-5500-4ADE-BB31-CFF4DCF3EE32}.Release|Android.ActiveCfg = Release|Any CPU
		{F6BF005B-5500-4ADE-BB31-CFF4DCF3EE32}.Release|Android.Build.0 = Release|Any CPU
		{F6BF005B-5500-4ADE-BB31-CFF4DCF3EE32}.Release|Any CPU.ActiveCfg = Release|Any CPU
		{F6BF005B-5500-4ADE-BB31-CFF4DCF3EE32}.Release|Any CPU.Build.0 = Release|Any CPU
		{F6BF005B-5500-4ADE-BB31-CFF4DCF3EE32}.Release|iOS.ActiveCfg = Release|Any CPU
		{F6BF005B-5500-4ADE-BB31-CFF4DCF3EE32}.Release|iOS.Build.0 = Release|Any CPU
		{F6BF005B-5500-4ADE-BB31-CFF4DCF3EE32}.Release|Windows-AnyCPU.ActiveCfg = Release|Any CPU
		{F6BF005B-5500-4ADE-BB31-CFF4DCF3EE32}.Release|Windows-AnyCPU.Build.0 = Release|Any CPU
		{F6BF005B-5500-4ADE-BB31-CFF4DCF3EE32}.Release|Windows-ARM.ActiveCfg = Release|Any CPU
		{F6BF005B-5500-4ADE-BB31-CFF4DCF3EE32}.Release|Windows-ARM.Build.0 = Release|Any CPU
		{F6BF005B-5500-4ADE-BB31-CFF4DCF3EE32}.Release|Windows-x64.ActiveCfg = Release|Any CPU
		{F6BF005B-5500-4ADE-BB31-CFF4DCF3EE32}.Release|Windows-x64.Build.0 = Release|Any CPU
		{F6BF005B-5500-4ADE-BB31-CFF4DCF3EE32}.Release|Windows-x86.ActiveCfg = Release|Any CPU
		{F6BF005B-5500-4ADE-BB31-CFF4DCF3EE32}.Release|Windows-x86.Build.0 = Release|Any CPU
		{F6BF005B-5500-4ADE-BB31-CFF4DCF3EE32}.Test|Android.ActiveCfg = Test|Any CPU
		{F6BF005B-5500-4ADE-BB31-CFF4DCF3EE32}.Test|Android.Build.0 = Test|Any CPU
		{F6BF005B-5500-4ADE-BB31-CFF4DCF3EE32}.Test|Any CPU.ActiveCfg = Test|Any CPU
		{F6BF005B-5500-4ADE-BB31-CFF4DCF3EE32}.Test|Any CPU.Build.0 = Test|Any CPU
		{F6BF005B-5500-4ADE-BB31-CFF4DCF3EE32}.Test|iOS.ActiveCfg = Test|Any CPU
		{F6BF005B-5500-4ADE-BB31-CFF4DCF3EE32}.Test|iOS.Build.0 = Test|Any CPU
		{F6BF005B-5500-4ADE-BB31-CFF4DCF3EE32}.Test|Windows-AnyCPU.ActiveCfg = Test|Any CPU
		{F6BF005B-5500-4ADE-BB31-CFF4DCF3EE32}.Test|Windows-AnyCPU.Build.0 = Test|Any CPU
		{F6BF005B-5500-4ADE-BB31-CFF4DCF3EE32}.Test|Windows-ARM.ActiveCfg = Test|Any CPU
		{F6BF005B-5500-4ADE-BB31-CFF4DCF3EE32}.Test|Windows-ARM.Build.0 = Test|Any CPU
		{F6BF005B-5500-4ADE-BB31-CFF4DCF3EE32}.Test|Windows-x64.ActiveCfg = Test|Any CPU
		{F6BF005B-5500-4ADE-BB31-CFF4DCF3EE32}.Test|Windows-x64.Build.0 = Test|Any CPU
		{F6BF005B-5500-4ADE-BB31-CFF4DCF3EE32}.Test|Windows-x86.ActiveCfg = Test|Any CPU
		{F6BF005B-5500-4ADE-BB31-CFF4DCF3EE32}.Test|Windows-x86.Build.0 = Test|Any CPU
		{51A4153C-F8AE-47E6-88C4-A3EC8937E583}.Debug|Android.ActiveCfg = Debug|Any CPU
		{51A4153C-F8AE-47E6-88C4-A3EC8937E583}.Debug|Android.Build.0 = Debug|Any CPU
		{51A4153C-F8AE-47E6-88C4-A3EC8937E583}.Debug|Any CPU.ActiveCfg = Debug|Any CPU
		{51A4153C-F8AE-47E6-88C4-A3EC8937E583}.Debug|Any CPU.Build.0 = Debug|Any CPU
		{51A4153C-F8AE-47E6-88C4-A3EC8937E583}.Debug|iOS.ActiveCfg = Debug|Any CPU
		{51A4153C-F8AE-47E6-88C4-A3EC8937E583}.Debug|iOS.Build.0 = Debug|Any CPU
		{51A4153C-F8AE-47E6-88C4-A3EC8937E583}.Debug|Windows-AnyCPU.ActiveCfg = Debug|Any CPU
		{51A4153C-F8AE-47E6-88C4-A3EC8937E583}.Debug|Windows-AnyCPU.Build.0 = Debug|Any CPU
		{51A4153C-F8AE-47E6-88C4-A3EC8937E583}.Debug|Windows-ARM.ActiveCfg = Debug|Any CPU
		{51A4153C-F8AE-47E6-88C4-A3EC8937E583}.Debug|Windows-ARM.Build.0 = Debug|Any CPU
		{51A4153C-F8AE-47E6-88C4-A3EC8937E583}.Debug|Windows-x64.ActiveCfg = Debug|Any CPU
		{51A4153C-F8AE-47E6-88C4-A3EC8937E583}.Debug|Windows-x64.Build.0 = Debug|Any CPU
		{51A4153C-F8AE-47E6-88C4-A3EC8937E583}.Debug|Windows-x86.ActiveCfg = Debug|Any CPU
		{51A4153C-F8AE-47E6-88C4-A3EC8937E583}.Debug|Windows-x86.Build.0 = Debug|Any CPU
		{51A4153C-F8AE-47E6-88C4-A3EC8937E583}.Release|Android.ActiveCfg = Release|Any CPU
		{51A4153C-F8AE-47E6-88C4-A3EC8937E583}.Release|Android.Build.0 = Release|Any CPU
		{51A4153C-F8AE-47E6-88C4-A3EC8937E583}.Release|Any CPU.ActiveCfg = Release|Any CPU
		{51A4153C-F8AE-47E6-88C4-A3EC8937E583}.Release|Any CPU.Build.0 = Release|Any CPU
		{51A4153C-F8AE-47E6-88C4-A3EC8937E583}.Release|iOS.ActiveCfg = Release|Any CPU
		{51A4153C-F8AE-47E6-88C4-A3EC8937E583}.Release|iOS.Build.0 = Release|Any CPU
		{51A4153C-F8AE-47E6-88C4-A3EC8937E583}.Release|Windows-AnyCPU.ActiveCfg = Release|Any CPU
		{51A4153C-F8AE-47E6-88C4-A3EC8937E583}.Release|Windows-AnyCPU.Build.0 = Release|Any CPU
		{51A4153C-F8AE-47E6-88C4-A3EC8937E583}.Release|Windows-ARM.ActiveCfg = Release|Any CPU
		{51A4153C-F8AE-47E6-88C4-A3EC8937E583}.Release|Windows-ARM.Build.0 = Release|Any CPU
		{51A4153C-F8AE-47E6-88C4-A3EC8937E583}.Release|Windows-x64.ActiveCfg = Release|Any CPU
		{51A4153C-F8AE-47E6-88C4-A3EC8937E583}.Release|Windows-x64.Build.0 = Release|Any CPU
		{51A4153C-F8AE-47E6-88C4-A3EC8937E583}.Release|Windows-x86.ActiveCfg = Release|Any CPU
		{51A4153C-F8AE-47E6-88C4-A3EC8937E583}.Release|Windows-x86.Build.0 = Release|Any CPU
		{51A4153C-F8AE-47E6-88C4-A3EC8937E583}.Test|Android.ActiveCfg = Test|Any CPU
		{51A4153C-F8AE-47E6-88C4-A3EC8937E583}.Test|Android.Build.0 = Test|Any CPU
		{51A4153C-F8AE-47E6-88C4-A3EC8937E583}.Test|Any CPU.ActiveCfg = Test|Any CPU
		{51A4153C-F8AE-47E6-88C4-A3EC8937E583}.Test|Any CPU.Build.0 = Test|Any CPU
		{51A4153C-F8AE-47E6-88C4-A3EC8937E583}.Test|iOS.ActiveCfg = Test|Any CPU
		{51A4153C-F8AE-47E6-88C4-A3EC8937E583}.Test|iOS.Build.0 = Test|Any CPU
		{51A4153C-F8AE-47E6-88C4-A3EC8937E583}.Test|Windows-AnyCPU.ActiveCfg = Test|Any CPU
		{51A4153C-F8AE-47E6-88C4-A3EC8937E583}.Test|Windows-AnyCPU.Build.0 = Test|Any CPU
		{51A4153C-F8AE-47E6-88C4-A3EC8937E583}.Test|Windows-ARM.ActiveCfg = Test|Any CPU
		{51A4153C-F8AE-47E6-88C4-A3EC8937E583}.Test|Windows-ARM.Build.0 = Test|Any CPU
		{51A4153C-F8AE-47E6-88C4-A3EC8937E583}.Test|Windows-x64.ActiveCfg = Test|Any CPU
		{51A4153C-F8AE-47E6-88C4-A3EC8937E583}.Test|Windows-x64.Build.0 = Test|Any CPU
		{51A4153C-F8AE-47E6-88C4-A3EC8937E583}.Test|Windows-x86.ActiveCfg = Test|Any CPU
		{51A4153C-F8AE-47E6-88C4-A3EC8937E583}.Test|Windows-x86.Build.0 = Test|Any CPU
		{549CBA80-397B-4F8E-BB0E-5944E9D7E7DD}.Debug|Android.ActiveCfg = Debug|Android
		{549CBA80-397B-4F8E-BB0E-5944E9D7E7DD}.Debug|Android.Build.0 = Debug|Android
		{549CBA80-397B-4F8E-BB0E-5944E9D7E7DD}.Debug|Android.Deploy.0 = Debug|Android
		{549CBA80-397B-4F8E-BB0E-5944E9D7E7DD}.Debug|Any CPU.ActiveCfg = Debug|Android
		{549CBA80-397B-4F8E-BB0E-5944E9D7E7DD}.Debug|iOS.ActiveCfg = Debug|iOS
		{549CBA80-397B-4F8E-BB0E-5944E9D7E7DD}.Debug|iOS.Build.0 = Debug|iOS
		{549CBA80-397B-4F8E-BB0E-5944E9D7E7DD}.Debug|iOS.Deploy.0 = Debug|iOS
		{549CBA80-397B-4F8E-BB0E-5944E9D7E7DD}.Debug|Windows-AnyCPU.ActiveCfg = Debug|Windows-AnyCPU
		{549CBA80-397B-4F8E-BB0E-5944E9D7E7DD}.Debug|Windows-AnyCPU.Build.0 = Debug|Windows-AnyCPU
		{549CBA80-397B-4F8E-BB0E-5944E9D7E7DD}.Debug|Windows-AnyCPU.Deploy.0 = Debug|Windows-AnyCPU
		{549CBA80-397B-4F8E-BB0E-5944E9D7E7DD}.Debug|Windows-ARM.ActiveCfg = Debug|Windows-ARM
		{549CBA80-397B-4F8E-BB0E-5944E9D7E7DD}.Debug|Windows-ARM.Build.0 = Debug|Windows-ARM
		{549CBA80-397B-4F8E-BB0E-5944E9D7E7DD}.Debug|Windows-ARM.Deploy.0 = Debug|Windows-ARM
		{549CBA80-397B-4F8E-BB0E-5944E9D7E7DD}.Debug|Windows-x64.ActiveCfg = Debug|Windows-x64
		{549CBA80-397B-4F8E-BB0E-5944E9D7E7DD}.Debug|Windows-x64.Build.0 = Debug|Windows-x64
		{549CBA80-397B-4F8E-BB0E-5944E9D7E7DD}.Debug|Windows-x64.Deploy.0 = Debug|Windows-x64
		{549CBA80-397B-4F8E-BB0E-5944E9D7E7DD}.Debug|Windows-x86.ActiveCfg = Debug|Windows-x86
		{549CBA80-397B-4F8E-BB0E-5944E9D7E7DD}.Debug|Windows-x86.Build.0 = Debug|Windows-x86
		{549CBA80-397B-4F8E-BB0E-5944E9D7E7DD}.Debug|Windows-x86.Deploy.0 = Debug|Windows-x86
		{549CBA80-397B-4F8E-BB0E-5944E9D7E7DD}.Release|Android.ActiveCfg = Release|Android
		{549CBA80-397B-4F8E-BB0E-5944E9D7E7DD}.Release|Android.Build.0 = Release|Android
		{549CBA80-397B-4F8E-BB0E-5944E9D7E7DD}.Release|Android.Deploy.0 = Release|Android
		{549CBA80-397B-4F8E-BB0E-5944E9D7E7DD}.Release|Any CPU.ActiveCfg = Release|Android
		{549CBA80-397B-4F8E-BB0E-5944E9D7E7DD}.Release|iOS.ActiveCfg = Release|iOS
		{549CBA80-397B-4F8E-BB0E-5944E9D7E7DD}.Release|iOS.Build.0 = Release|iOS
		{549CBA80-397B-4F8E-BB0E-5944E9D7E7DD}.Release|iOS.Deploy.0 = Release|iOS
		{549CBA80-397B-4F8E-BB0E-5944E9D7E7DD}.Release|Windows-AnyCPU.ActiveCfg = Release|Windows-AnyCPU
		{549CBA80-397B-4F8E-BB0E-5944E9D7E7DD}.Release|Windows-AnyCPU.Build.0 = Release|Windows-AnyCPU
		{549CBA80-397B-4F8E-BB0E-5944E9D7E7DD}.Release|Windows-AnyCPU.Deploy.0 = Release|Windows-AnyCPU
		{549CBA80-397B-4F8E-BB0E-5944E9D7E7DD}.Release|Windows-ARM.ActiveCfg = Release|Windows-ARM
		{549CBA80-397B-4F8E-BB0E-5944E9D7E7DD}.Release|Windows-ARM.Build.0 = Release|Windows-ARM
		{549CBA80-397B-4F8E-BB0E-5944E9D7E7DD}.Release|Windows-ARM.Deploy.0 = Release|Windows-ARM
		{549CBA80-397B-4F8E-BB0E-5944E9D7E7DD}.Release|Windows-x64.ActiveCfg = Release|Windows-x64
		{549CBA80-397B-4F8E-BB0E-5944E9D7E7DD}.Release|Windows-x64.Build.0 = Release|Windows-x64
		{549CBA80-397B-4F8E-BB0E-5944E9D7E7DD}.Release|Windows-x64.Deploy.0 = Release|Windows-x64
		{549CBA80-397B-4F8E-BB0E-5944E9D7E7DD}.Release|Windows-x86.ActiveCfg = Release|Windows-x86
		{549CBA80-397B-4F8E-BB0E-5944E9D7E7DD}.Release|Windows-x86.Build.0 = Release|Windows-x86
		{549CBA80-397B-4F8E-BB0E-5944E9D7E7DD}.Release|Windows-x86.Deploy.0 = Release|Windows-x86
		{549CBA80-397B-4F8E-BB0E-5944E9D7E7DD}.Test|Android.ActiveCfg = Test|Android
		{549CBA80-397B-4F8E-BB0E-5944E9D7E7DD}.Test|Android.Deploy.0 = Test|Android
		{549CBA80-397B-4F8E-BB0E-5944E9D7E7DD}.Test|Any CPU.ActiveCfg = Test|Android
		{549CBA80-397B-4F8E-BB0E-5944E9D7E7DD}.Test|iOS.ActiveCfg = Test|iOS
		{549CBA80-397B-4F8E-BB0E-5944E9D7E7DD}.Test|iOS.Deploy.0 = Test|iOS
		{549CBA80-397B-4F8E-BB0E-5944E9D7E7DD}.Test|Windows-AnyCPU.ActiveCfg = Test|Windows-AnyCPU
		{549CBA80-397B-4F8E-BB0E-5944E9D7E7DD}.Test|Windows-AnyCPU.Deploy.0 = Test|Windows-AnyCPU
		{549CBA80-397B-4F8E-BB0E-5944E9D7E7DD}.Test|Windows-ARM.ActiveCfg = Test|Windows-ARM
		{549CBA80-397B-4F8E-BB0E-5944E9D7E7DD}.Test|Windows-ARM.Deploy.0 = Test|Windows-ARM
		{549CBA80-397B-4F8E-BB0E-5944E9D7E7DD}.Test|Windows-x64.ActiveCfg = Test|Windows-x64
		{549CBA80-397B-4F8E-BB0E-5944E9D7E7DD}.Test|Windows-x64.Deploy.0 = Test|Windows-x64
		{549CBA80-397B-4F8E-BB0E-5944E9D7E7DD}.Test|Windows-x86.ActiveCfg = Test|Windows-x86
		{549CBA80-397B-4F8E-BB0E-5944E9D7E7DD}.Test|Windows-x86.Deploy.0 = Test|Windows-x86
	EndGlobalSection
	GlobalSection(SolutionProperties) = preSolution
		HideSolutionNode = FALSE
	EndGlobalSection
EndGlobal
